
Microsoft Visual Studio Solution File, Format Version 12.00
# Visual Studio Version 17
VisualStudioVersion = 17.7.34031.279
MinimumVisualStudioVersion = 10.0.40219.1
Project("{FAE04EC0-301F-11D3-BF4B-00C04F79EFBC}") = "BaiTH01", "BaiTH01\BaiTH01.csproj", "{EE5DF460-CD4E-49FB-AE86-C7B85004FD0D}"
EndProject
Global
	GlobalSection(SolutionConfigurationPlatforms) = preSolution
		Debug|Any CPU = Debug|Any CPU
		Release|Any CPU = Release|Any CPU
	EndGlobalSection
	GlobalSection(ProjectConfigurationPlatforms) = postSolution
		{EE5DF460-CD4E-49FB-AE86-C7B85004FD0D}.Debug|Any CPU.ActiveCfg = Debug|Any CPU
		{EE5DF460-CD4E-49FB-AE86-C7B85004FD0D}.Debug|Any CPU.Build.0 = Debug|Any CPU
		{EE5DF460-CD4E-49FB-AE86-C7B85004FD0D}.Release|Any CPU.ActiveCfg = Release|Any CPU
		{EE5DF460-CD4E-49FB-AE86-C7B85004FD0D}.Release|Any CPU.Build.0 = Release|Any CPU
	EndGlobalSection
	GlobalSection(SolutionProperties) = preSolution
		HideSolutionNode = FALSE
	EndGlobalSection
	GlobalSection(ExtensibilityGlobals) = postSolution
		SolutionGuid = {4431FC65-189F-4D17-80D2-BDF109A4ABCA}
	EndGlobalSection
EndGlobal
